
Microsoft Visual Studio Solution File, Format Version 12.00
# Visual Studio Version 17
VisualStudioVersion = 17.7.34031.279
MinimumVisualStudioVersion = 10.0.40219.1
Project("{9A19103F-16F7-4668-BE54-9A1E7A4F7556}") = "BlazorServerApp", "BlazorServerApp.csproj", "{21DAD001-19FE-4C78-9DD3-A7AAAC601333}"
EndProject
Global
	GlobalSection(SolutionConfigurationPlatforms) = preSolution
		Debug|Any CPU = Debug|Any CPU
		Release|Any CPU = Release|Any CPU
	EndGlobalSection
	GlobalSection(ProjectConfigurationPlatforms) = postSolution
		{21DAD001-19FE-4C78-9DD3-A7AAAC601333}.Debug|Any CPU.ActiveCfg = Debug|Any CPU
		{21DAD001-19FE-4C78-9DD3-A7AAAC601333}.Debug|Any CPU.Build.0 = Debug|Any CPU
		{21DAD001-19FE-4C78-9DD3-A7AAAC601333}.Release|Any CPU.ActiveCfg = Release|Any CPU
		{21DAD001-19FE-4C78-9DD3-A7AAAC601333}.Release|Any CPU.Build.0 = Release|Any CPU
	EndGlobalSection
	GlobalSection(SolutionProperties) = preSolution
		HideSolutionNode = FALSE
	EndGlobalSection
	GlobalSection(ExtensibilityGlobals) = postSolution
		SolutionGuid = {04E5C458-A6B1-4BDF-A568-5A6D1662C1B5}
	EndGlobalSection
EndGlobal
